
Microsoft Visual Studio Solution File, Format Version 12.00
# Visual Studio Version 17
VisualStudioVersion = 17.0.31903.59
MinimumVisualStudioVersion = 10.0.40219.1
Project("{2150E333-8FDC-42A3-9474-1A3956D46DE8}") = "src", "src", "{827E0CD3-B72D-47B6-A68D-7590B98EB39B}"
EndProject
Project("{2150E333-8FDC-42A3-9474-1A3956D46DE8}") = "BankingCrm.Customers", "BankingCrm.Customers", "{2B955EA9-412E-9EEB-A9F8-DEE556DC72B3}"
EndProject
Project("{FAE04EC0-301F-11D3-BF4B-00C04F79EFBC}") = "BankingCrm.Customers.API", "src\BankingCrm.Customers\BankingCrm.Customers.API\BankingCrm.Customers.API.csproj", "{A2BB1FE7-6BAD-4F7F-8A99-70C08115CBDA}"
EndProject
Project("{FAE04EC0-301F-11D3-BF4B-00C04F79EFBC}") = "BankingCrm.Customers.Application", "src\BankingCrm.Customers\BankingCrm.Customers.Application\BankingCrm.Customers.Application.csproj", "{2D4BDD4D-2553-41B2-B38B-8366AEA54582}"
EndProject
Project("{FAE04EC0-301F-11D3-BF4B-00C04F79EFBC}") = "BankingCrm.Customers.Domain", "src\BankingCrm.Customers\BankingCrm.Customers.Domain\BankingCrm.Customers.Domain.csproj", "{BDAE0060-495B-4799-BBA9-CD1BF54EB671}"
EndProject
Project("{FAE04EC0-301F-11D3-BF4B-00C04F79EFBC}") = "BankingCrm.Customers.Infrastructure", "src\BankingCrm.Customers\BankingCrm.Customers.Infrastructure\BankingCrm.Customers.Infrastructure.csproj", "{A62BF94A-9CBE-40C3-95F0-89384930DC26}"
EndProject
Project("{FAE04EC0-301F-11D3-BF4B-00C04F79EFBC}") = "Application.Shared", "src\Shared\Application.Shared\Application.Shared.csproj", "{C6CDC26A-4ABB-474B-8AE2-0A891B1242A8}"
EndProject
Project("{FAE04EC0-301F-11D3-BF4B-00C04F79EFBC}") = "Domain.Shared", "src\Shared\Domain.Shared\Domain.Shared.csproj", "{01F1A938-17A3-4789-A1B8-51DD845E40B6}"
EndProject
Project("{FAE04EC0-301F-11D3-BF4B-00C04F79EFBC}") = "Infrastructure.Shared", "src\Shared\Infrastructure.Shared\Infrastructure.Shared.csproj", "{F1C0CB52-9B09-40A2-B92D-BF073DFF03C7}"
EndProject
Project("{FAE04EC0-301F-11D3-BF4B-00C04F79EFBC}") = "Utilities.Shared", "src\Shared\Utilities.Shared\Utilities.Shared.csproj", "{A14CF9C2-7AEA-44CC-BF23-866C6963B558}"
EndProject
Project("{FAE04EC0-301F-11D3-BF4B-00C04F79EFBC}") = "Architecture.Tests", "tests\BankingCrm.Customers\Architecture.Tests.csproj", "{AC3E9E18-08B6-43DD-8DFC-168F25766C94}"
EndProject
Project("{2150E333-8FDC-42A3-9474-1A3956D46DE8}") = "Shared", "Shared", "{6B65E612-2A00-4F8C-BD99-C56B568D1DB7}"
EndProject
Project("{2150E333-8FDC-42A3-9474-1A3956D46DE8}") = "tests", "tests", "{0CF40FB0-D2C5-4FB5-85A8-150F73F1B7C4}"
EndProject
Project("{2150E333-8FDC-42A3-9474-1A3956D46DE8}") = "BankingCrm.Customers", "BankingCrm.Customers", "{C147966B-6FED-4432-9000-5402E22BEBF1}"
EndProject
Project("{2150E333-8FDC-42A3-9474-1A3956D46DE8}") = "Shared", "Shared", "{6861CCCF-EE5F-400C-94C1-A1F2727D508D}"
EndProject
Project("{FAE04EC0-301F-11D3-BF4B-00C04F79EFBC}") = "Domain.Shared.Tests", "tests\Shared\Domain.Shared.Tests\Domain.Shared.Tests.csproj", "{234C4E09-BE36-4D0C-AAD5-F07E43648228}"
EndProject
Project("{FAE04EC0-301F-11D3-BF4B-00C04F79EFBC}") = "Infrastructure.Shared.Tests", "tests\Shared\Infrastructure.Shared.Tests\Infrastructure.Shared.Tests.csproj", "{1A1B440D-CA93-4C97-A6F0-D839662DBED3}"
EndProject
Project("{FAE04EC0-301F-11D3-BF4B-00C04F79EFBC}") = "Utilities.Shared.Tests", "tests\Shared\Utilities.Shared.Tests\Utilities.Shared.Tests.csproj", "{E3E3D4EB-2CBC-47F6-B00C-3D307A17301C}"
EndProject
Project("{2150E333-8FDC-42A3-9474-1A3956D46DE8}") = "ci-cd", "ci-cd", "{9B2A7594-5EE1-4E13-BBA3-61247CFB5E7C}"
	ProjectSection(SolutionItems) = preProject
		.github\workflows\dotnet.yml = .github\workflows\dotnet.yml
	EndProjectSection
EndProject
Global
	GlobalSection(SolutionConfigurationPlatforms) = preSolution
		Debug|Any CPU = Debug|Any CPU
		Debug|x64 = Debug|x64
		Debug|x86 = Debug|x86
		Release|Any CPU = Release|Any CPU
		Release|x64 = Release|x64
		Release|x86 = Release|x86
	EndGlobalSection
	GlobalSection(ProjectConfigurationPlatforms) = postSolution
		{A2BB1FE7-6BAD-4F7F-8A99-70C08115CBDA}.Debug|Any CPU.ActiveCfg = Debug|Any CPU
		{A2BB1FE7-6BAD-4F7F-8A99-70C08115CBDA}.Debug|Any CPU.Build.0 = Debug|Any CPU
		{A2BB1FE7-6BAD-4F7F-8A99-70C08115CBDA}.Debug|x64.ActiveCfg = Debug|Any CPU
		{A2BB1FE7-6BAD-4F7F-8A99-70C08115CBDA}.Debug|x64.Build.0 = Debug|Any CPU
		{A2BB1FE7-6BAD-4F7F-8A99-70C08115CBDA}.Debug|x86.ActiveCfg = Debug|Any CPU
		{A2BB1FE7-6BAD-4F7F-8A99-70C08115CBDA}.Debug|x86.Build.0 = Debug|Any CPU
		{A2BB1FE7-6BAD-4F7F-8A99-70C08115CBDA}.Release|Any CPU.ActiveCfg = Release|Any CPU
		{A2BB1FE7-6BAD-4F7F-8A99-70C08115CBDA}.Release|Any CPU.Build.0 = Release|Any CPU
		{A2BB1FE7-6BAD-4F7F-8A99-70C08115CBDA}.Release|x64.ActiveCfg = Release|Any CPU
		{A2BB1FE7-6BAD-4F7F-8A99-70C08115CBDA}.Release|x64.Build.0 = Release|Any CPU
		{A2BB1FE7-6BAD-4F7F-8A99-70C08115CBDA}.Release|x86.ActiveCfg = Release|Any CPU
		{A2BB1FE7-6BAD-4F7F-8A99-70C08115CBDA}.Release|x86.Build.0 = Release|Any CPU
		{2D4BDD4D-2553-41B2-B38B-8366AEA54582}.Debug|Any CPU.ActiveCfg = Debug|Any CPU
		{2D4BDD4D-2553-41B2-B38B-8366AEA54582}.Debug|Any CPU.Build.0 = Debug|Any CPU
		{2D4BDD4D-2553-41B2-B38B-8366AEA54582}.Debug|x64.ActiveCfg = Debug|Any CPU
		{2D4BDD4D-2553-41B2-B38B-8366AEA54582}.Debug|x64.Build.0 = Debug|Any CPU
		{2D4BDD4D-2553-41B2-B38B-8366AEA54582}.Debug|x86.ActiveCfg = Debug|Any CPU
		{2D4BDD4D-2553-41B2-B38B-8366AEA54582}.Debug|x86.Build.0 = Debug|Any CPU
		{2D4BDD4D-2553-41B2-B38B-8366AEA54582}.Release|Any CPU.ActiveCfg = Release|Any CPU
		{2D4BDD4D-2553-41B2-B38B-8366AEA54582}.Release|Any CPU.Build.0 = Release|Any CPU
		{2D4BDD4D-2553-41B2-B38B-8366AEA54582}.Release|x64.ActiveCfg = Release|Any CPU
		{2D4BDD4D-2553-41B2-B38B-8366AEA54582}.Release|x64.Build.0 = Release|Any CPU
		{2D4BDD4D-2553-41B2-B38B-8366AEA54582}.Release|x86.ActiveCfg = Release|Any CPU
		{2D4BDD4D-2553-41B2-B38B-8366AEA54582}.Release|x86.Build.0 = Release|Any CPU
		{BDAE0060-495B-4799-BBA9-CD1BF54EB671}.Debug|Any CPU.ActiveCfg = Debug|Any CPU
		{BDAE0060-495B-4799-BBA9-CD1BF54EB671}.Debug|Any CPU.Build.0 = Debug|Any CPU
		{BDAE0060-495B-4799-BBA9-CD1BF54EB671}.Debug|x64.ActiveCfg = Debug|Any CPU
		{BDAE0060-495B-4799-BBA9-CD1BF54EB671}.Debug|x64.Build.0 = Debug|Any CPU
		{BDAE0060-495B-4799-BBA9-CD1BF54EB671}.Debug|x86.ActiveCfg = Debug|Any CPU
		{BDAE0060-495B-4799-BBA9-CD1BF54EB671}.Debug|x86.Build.0 = Debug|Any CPU
		{BDAE0060-495B-4799-BBA9-CD1BF54EB671}.Release|Any CPU.ActiveCfg = Release|Any CPU
		{BDAE0060-495B-4799-BBA9-CD1BF54EB671}.Release|Any CPU.Build.0 = Release|Any CPU
		{BDAE0060-495B-4799-BBA9-CD1BF54EB671}.Release|x64.ActiveCfg = Release|Any CPU
		{BDAE0060-495B-4799-BBA9-CD1BF54EB671}.Release|x64.Build.0 = Release|Any CPU
		{BDAE0060-495B-4799-BBA9-CD1BF54EB671}.Release|x86.ActiveCfg = Release|Any CPU
		{BDAE0060-495B-4799-BBA9-CD1BF54EB671}.Release|x86.Build.0 = Release|Any CPU
		{A62BF94A-9CBE-40C3-95F0-89384930DC26}.Debug|Any CPU.ActiveCfg = Debug|Any CPU
		{A62BF94A-9CBE-40C3-95F0-89384930DC26}.Debug|Any CPU.Build.0 = Debug|Any CPU
		{A62BF94A-9CBE-40C3-95F0-89384930DC26}.Debug|x64.ActiveCfg = Debug|Any CPU
		{A62BF94A-9CBE-40C3-95F0-89384930DC26}.Debug|x64.Build.0 = Debug|Any CPU
		{A62BF94A-9CBE-40C3-95F0-89384930DC26}.Debug|x86.ActiveCfg = Debug|Any CPU
		{A62BF94A-9CBE-40C3-95F0-89384930DC26}.Debug|x86.Build.0 = Debug|Any CPU
		{A62BF94A-9CBE-40C3-95F0-89384930DC26}.Release|Any CPU.ActiveCfg = Release|Any CPU
		{A62BF94A-9CBE-40C3-95F0-89384930DC26}.Release|Any CPU.Build.0 = Release|Any CPU
		{A62BF94A-9CBE-40C3-95F0-89384930DC26}.Release|x64.ActiveCfg = Release|Any CPU
		{A62BF94A-9CBE-40C3-95F0-89384930DC26}.Release|x64.Build.0 = Release|Any CPU
		{A62BF94A-9CBE-40C3-95F0-89384930DC26}.Release|x86.ActiveCfg = Release|Any CPU
		{A62BF94A-9CBE-40C3-95F0-89384930DC26}.Release|x86.Build.0 = Release|Any CPU
		{C6CDC26A-4ABB-474B-8AE2-0A891B1242A8}.Debug|Any CPU.ActiveCfg = Debug|Any CPU
		{C6CDC26A-4ABB-474B-8AE2-0A891B1242A8}.Debug|Any CPU.Build.0 = Debug|Any CPU
		{C6CDC26A-4ABB-474B-8AE2-0A891B1242A8}.Debug|x64.ActiveCfg = Debug|Any CPU
		{C6CDC26A-4ABB-474B-8AE2-0A891B1242A8}.Debug|x64.Build.0 = Debug|Any CPU
		{C6CDC26A-4ABB-474B-8AE2-0A891B1242A8}.Debug|x86.ActiveCfg = Debug|Any CPU
		{C6CDC26A-4ABB-474B-8AE2-0A891B1242A8}.Debug|x86.Build.0 = Debug|Any CPU
		{C6CDC26A-4ABB-474B-8AE2-0A891B1242A8}.Release|Any CPU.ActiveCfg = Release|Any CPU
		{C6CDC26A-4ABB-474B-8AE2-0A891B1242A8}.Release|Any CPU.Build.0 = Release|Any CPU
		{C6CDC26A-4ABB-474B-8AE2-0A891B1242A8}.Release|x64.ActiveCfg = Release|Any CPU
		{C6CDC26A-4ABB-474B-8AE2-0A891B1242A8}.Release|x64.Build.0 = Release|Any CPU
		{C6CDC26A-4ABB-474B-8AE2-0A891B1242A8}.Release|x86.ActiveCfg = Release|Any CPU
		{C6CDC26A-4ABB-474B-8AE2-0A891B1242A8}.Release|x86.Build.0 = Release|Any CPU
		{01F1A938-17A3-4789-A1B8-51DD845E40B6}.Debug|Any CPU.ActiveCfg = Debug|Any CPU
		{01F1A938-17A3-4789-A1B8-51DD845E40B6}.Debug|Any CPU.Build.0 = Debug|Any CPU
		{01F1A938-17A3-4789-A1B8-51DD845E40B6}.Debug|x64.ActiveCfg = Debug|Any CPU
		{01F1A938-17A3-4789-A1B8-51DD845E40B6}.Debug|x64.Build.0 = Debug|Any CPU
		{01F1A938-17A3-4789-A1B8-51DD845E40B6}.Debug|x86.ActiveCfg = Debug|Any CPU
		{01F1A938-17A3-4789-A1B8-51DD845E40B6}.Debug|x86.Build.0 = Debug|Any CPU
		{01F1A938-17A3-4789-A1B8-51DD845E40B6}.Release|Any CPU.ActiveCfg = Release|Any CPU
		{01F1A938-17A3-4789-A1B8-51DD845E40B6}.Release|Any CPU.Build.0 = Release|Any CPU
		{01F1A938-17A3-4789-A1B8-51DD845E40B6}.Release|x64.ActiveCfg = Release|Any CPU
		{01F1A938-17A3-4789-A1B8-51DD845E40B6}.Release|x64.Build.0 = Release|Any CPU
		{01F1A938-17A3-4789-A1B8-51DD845E40B6}.Release|x86.ActiveCfg = Release|Any CPU
		{01F1A938-17A3-4789-A1B8-51DD845E40B6}.Release|x86.Build.0 = Release|Any CPU
		{F1C0CB52-9B09-40A2-B92D-BF073DFF03C7}.Debug|Any CPU.ActiveCfg = Debug|Any CPU
		{F1C0CB52-9B09-40A2-B92D-BF073DFF03C7}.Debug|Any CPU.Build.0 = Debug|Any CPU
		{F1C0CB52-9B09-40A2-B92D-BF073DFF03C7}.Debug|x64.ActiveCfg = Debug|Any CPU
		{F1C0CB52-9B09-40A2-B92D-BF073DFF03C7}.Debug|x64.Build.0 = Debug|Any CPU
		{F1C0CB52-9B09-40A2-B92D-BF073DFF03C7}.Debug|x86.ActiveCfg = Debug|Any CPU
		{F1C0CB52-9B09-40A2-B92D-BF073DFF03C7}.Debug|x86.Build.0 = Debug|Any CPU
		{F1C0CB52-9B09-40A2-B92D-BF073DFF03C7}.Release|Any CPU.ActiveCfg = Release|Any CPU
		{F1C0CB52-9B09-40A2-B92D-BF073DFF03C7}.Release|Any CPU.Build.0 = Release|Any CPU
		{F1C0CB52-9B09-40A2-B92D-BF073DFF03C7}.Release|x64.ActiveCfg = Release|Any CPU
		{F1C0CB52-9B09-40A2-B92D-BF073DFF03C7}.Release|x64.Build.0 = Release|Any CPU
		{F1C0CB52-9B09-40A2-B92D-BF073DFF03C7}.Release|x86.ActiveCfg = Release|Any CPU
		{F1C0CB52-9B09-40A2-B92D-BF073DFF03C7}.Release|x86.Build.0 = Release|Any CPU
		{A14CF9C2-7AEA-44CC-BF23-866C6963B558}.Debug|Any CPU.ActiveCfg = Debug|Any CPU
		{A14CF9C2-7AEA-44CC-BF23-866C6963B558}.Debug|Any CPU.Build.0 = Debug|Any CPU
		{A14CF9C2-7AEA-44CC-BF23-866C6963B558}.Debug|x64.ActiveCfg = Debug|Any CPU
		{A14CF9C2-7AEA-44CC-BF23-866C6963B558}.Debug|x64.Build.0 = Debug|Any CPU
		{A14CF9C2-7AEA-44CC-BF23-866C6963B558}.Debug|x86.ActiveCfg = Debug|Any CPU
		{A14CF9C2-7AEA-44CC-BF23-866C6963B558}.Debug|x86.Build.0 = Debug|Any CPU
		{A14CF9C2-7AEA-44CC-BF23-866C6963B558}.Release|Any CPU.ActiveCfg = Release|Any CPU
		{A14CF9C2-7AEA-44CC-BF23-866C6963B558}.Release|Any CPU.Build.0 = Release|Any CPU
		{A14CF9C2-7AEA-44CC-BF23-866C6963B558}.Release|x64.ActiveCfg = Release|Any CPU
		{A14CF9C2-7AEA-44CC-BF23-866C6963B558}.Release|x64.Build.0 = Release|Any CPU
		{A14CF9C2-7AEA-44CC-BF23-866C6963B558}.Release|x86.ActiveCfg = Release|Any CPU
		{A14CF9C2-7AEA-44CC-BF23-866C6963B558}.Release|x86.Build.0 = Release|Any CPU
		{AC3E9E18-08B6-43DD-8DFC-168F25766C94}.Debug|Any CPU.ActiveCfg = Debug|Any CPU
		{AC3E9E18-08B6-43DD-8DFC-168F25766C94}.Debug|Any CPU.Build.0 = Debug|Any CPU
		{AC3E9E18-08B6-43DD-8DFC-168F25766C94}.Debug|x64.ActiveCfg = Debug|Any CPU
		{AC3E9E18-08B6-43DD-8DFC-168F25766C94}.Debug|x64.Build.0 = Debug|Any CPU
		{AC3E9E18-08B6-43DD-8DFC-168F25766C94}.Debug|x86.ActiveCfg = Debug|Any CPU
		{AC3E9E18-08B6-43DD-8DFC-168F25766C94}.Debug|x86.Build.0 = Debug|Any CPU
		{AC3E9E18-08B6-43DD-8DFC-168F25766C94}.Release|Any CPU.ActiveCfg = Release|Any CPU
		{AC3E9E18-08B6-43DD-8DFC-168F25766C94}.Release|Any CPU.Build.0 = Release|Any CPU
		{AC3E9E18-08B6-43DD-8DFC-168F25766C94}.Release|x64.ActiveCfg = Release|Any CPU
		{AC3E9E18-08B6-43DD-8DFC-168F25766C94}.Release|x64.Build.0 = Release|Any CPU
		{AC3E9E18-08B6-43DD-8DFC-168F25766C94}.Release|x86.ActiveCfg = Release|Any CPU
		{AC3E9E18-08B6-43DD-8DFC-168F25766C94}.Release|x86.Build.0 = Release|Any CPU
		{234C4E09-BE36-4D0C-AAD5-F07E43648228}.Debug|Any CPU.ActiveCfg = Debug|Any CPU
		{234C4E09-BE36-4D0C-AAD5-F07E43648228}.Debug|Any CPU.Build.0 = Debug|Any CPU
		{234C4E09-BE36-4D0C-AAD5-F07E43648228}.Debug|x64.ActiveCfg = Debug|Any CPU
		{234C4E09-BE36-4D0C-AAD5-F07E43648228}.Debug|x64.Build.0 = Debug|Any CPU
		{234C4E09-BE36-4D0C-AAD5-F07E43648228}.Debug|x86.ActiveCfg = Debug|Any CPU
		{234C4E09-BE36-4D0C-AAD5-F07E43648228}.Debug|x86.Build.0 = Debug|Any CPU
		{234C4E09-BE36-4D0C-AAD5-F07E43648228}.Release|Any CPU.ActiveCfg = Release|Any CPU
		{234C4E09-BE36-4D0C-AAD5-F07E43648228}.Release|Any CPU.Build.0 = Release|Any CPU
		{234C4E09-BE36-4D0C-AAD5-F07E43648228}.Release|x64.ActiveCfg = Release|Any CPU
		{234C4E09-BE36-4D0C-AAD5-F07E43648228}.Release|x64.Build.0 = Release|Any CPU
		{234C4E09-BE36-4D0C-AAD5-F07E43648228}.Release|x86.ActiveCfg = Release|Any CPU
		{234C4E09-BE36-4D0C-AAD5-F07E43648228}.Release|x86.Build.0 = Release|Any CPU
		{1A1B440D-CA93-4C97-A6F0-D839662DBED3}.Debug|Any CPU.ActiveCfg = Debug|Any CPU
		{1A1B440D-CA93-4C97-A6F0-D839662DBED3}.Debug|Any CPU.Build.0 = Debug|Any CPU
		{1A1B440D-CA93-4C97-A6F0-D839662DBED3}.Debug|x64.ActiveCfg = Debug|Any CPU
		{1A1B440D-CA93-4C97-A6F0-D839662DBED3}.Debug|x64.Build.0 = Debug|Any CPU
		{1A1B440D-CA93-4C97-A6F0-D839662DBED3}.Debug|x86.ActiveCfg = Debug|Any CPU
		{1A1B440D-CA93-4C97-A6F0-D839662DBED3}.Debug|x86.Build.0 = Debug|Any CPU
		{1A1B440D-CA93-4C97-A6F0-D839662DBED3}.Release|Any CPU.ActiveCfg = Release|Any CPU
		{1A1B440D-CA93-4C97-A6F0-D839662DBED3}.Release|Any CPU.Build.0 = Release|Any CPU
		{1A1B440D-CA93-4C97-A6F0-D839662DBED3}.Release|x64.ActiveCfg = Release|Any CPU
		{1A1B440D-CA93-4C97-A6F0-D839662DBED3}.Release|x64.Build.0 = Release|Any CPU
		{1A1B440D-CA93-4C97-A6F0-D839662DBED3}.Release|x86.ActiveCfg = Release|Any CPU
		{1A1B440D-CA93-4C97-A6F0-D839662DBED3}.Release|x86.Build.0 = Release|Any CPU
		{E3E3D4EB-2CBC-47F6-B00C-3D307A17301C}.Debug|Any CPU.ActiveCfg = Debug|Any CPU
		{E3E3D4EB-2CBC-47F6-B00C-3D307A17301C}.Debug|Any CPU.Build.0 = Debug|Any CPU
		{E3E3D4EB-2CBC-47F6-B00C-3D307A17301C}.Debug|x64.ActiveCfg = Debug|Any CPU
		{E3E3D4EB-2CBC-47F6-B00C-3D307A17301C}.Debug|x64.Build.0 = Debug|Any CPU
		{E3E3D4EB-2CBC-47F6-B00C-3D307A17301C}.Debug|x86.ActiveCfg = Debug|Any CPU
		{E3E3D4EB-2CBC-47F6-B00C-3D307A17301C}.Debug|x86.Build.0 = Debug|Any CPU
		{E3E3D4EB-2CBC-47F6-B00C-3D307A17301C}.Release|Any CPU.ActiveCfg = Release|Any CPU
		{E3E3D4EB-2CBC-47F6-B00C-3D307A17301C}.Release|Any CPU.Build.0 = Release|Any CPU
		{E3E3D4EB-2CBC-47F6-B00C-3D307A17301C}.Release|x64.ActiveCfg = Release|Any CPU
		{E3E3D4EB-2CBC-47F6-B00C-3D307A17301C}.Release|x64.Build.0 = Release|Any CPU
		{E3E3D4EB-2CBC-47F6-B00C-3D307A17301C}.Release|x86.ActiveCfg = Release|Any CPU
		{E3E3D4EB-2CBC-47F6-B00C-3D307A17301C}.Release|x86.Build.0 = Release|Any CPU
	EndGlobalSection
	GlobalSection(SolutionProperties) = preSolution
		HideSolutionNode = FALSE
	EndGlobalSection
	GlobalSection(NestedProjects) = preSolution
		{2B955EA9-412E-9EEB-A9F8-DEE556DC72B3} = {827E0CD3-B72D-47B6-A68D-7590B98EB39B}
		{A2BB1FE7-6BAD-4F7F-8A99-70C08115CBDA} = {2B955EA9-412E-9EEB-A9F8-DEE556DC72B3}
		{2D4BDD4D-2553-41B2-B38B-8366AEA54582} = {2B955EA9-412E-9EEB-A9F8-DEE556DC72B3}
		{BDAE0060-495B-4799-BBA9-CD1BF54EB671} = {2B955EA9-412E-9EEB-A9F8-DEE556DC72B3}
		{A62BF94A-9CBE-40C3-95F0-89384930DC26} = {2B955EA9-412E-9EEB-A9F8-DEE556DC72B3}
		{6B65E612-2A00-4F8C-BD99-C56B568D1DB7} = {827E0CD3-B72D-47B6-A68D-7590B98EB39B}
		{C6CDC26A-4ABB-474B-8AE2-0A891B1242A8} = {6B65E612-2A00-4F8C-BD99-C56B568D1DB7}
		{01F1A938-17A3-4789-A1B8-51DD845E40B6} = {6B65E612-2A00-4F8C-BD99-C56B568D1DB7}
		{F1C0CB52-9B09-40A2-B92D-BF073DFF03C7} = {6B65E612-2A00-4F8C-BD99-C56B568D1DB7}
		{A14CF9C2-7AEA-44CC-BF23-866C6963B558} = {6B65E612-2A00-4F8C-BD99-C56B568D1DB7}
		{C147966B-6FED-4432-9000-5402E22BEBF1} = {0CF40FB0-D2C5-4FB5-85A8-150F73F1B7C4}
		{AC3E9E18-08B6-43DD-8DFC-168F25766C94} = {C147966B-6FED-4432-9000-5402E22BEBF1}
		{6861CCCF-EE5F-400C-94C1-A1F2727D508D} = {0CF40FB0-D2C5-4FB5-85A8-150F73F1B7C4}
		{234C4E09-BE36-4D0C-AAD5-F07E43648228} = {6861CCCF-EE5F-400C-94C1-A1F2727D508D}
		{1A1B440D-CA93-4C97-A6F0-D839662DBED3} = {6861CCCF-EE5F-400C-94C1-A1F2727D508D}
		{E3E3D4EB-2CBC-47F6-B00C-3D307A17301C} = {6861CCCF-EE5F-400C-94C1-A1F2727D508D}
	EndGlobalSection
EndGlobal
