
Microsoft Visual Studio Solution File, Format Version 12.00
Project("{2150E333-8FDC-42A3-9474-1A3956D46DE8}") = "src", "src", "{19BA7916-6C3A-4B3C-AC9E-D6C6C485F991}"
EndProject
Project("{2150E333-8FDC-42A3-9474-1A3956D46DE8}") = "tests", "tests", "{C40C8736-0536-461C-AB32-72F9877473DA}"
EndProject
Project("{2150E333-8FDC-42A3-9474-1A3956D46DE8}") = "BankingCrm.Customers", "BankingCrm.Customers", "{09568AE3-20AB-4D6E-AB39-8C797FFC0FD8}"
EndProject
Project("{2150E333-8FDC-42A3-9474-1A3956D46DE8}") = "BankingCrm.Customers", "BankingCrm.Customers", "{4DAFE9CA-046A-4BDC-8414-0BC48A926BAA}"
EndProject
Project("{2150E333-8FDC-42A3-9474-1A3956D46DE8}") = "Shared", "Shared", "{57E1BF59-4107-44F8-8351-D166CD183551}"
EndProject
Project("{2150E333-8FDC-42A3-9474-1A3956D46DE8}") = "Shared", "Shared", "{7A14BAD8-2021-4939-85D9-D24435AA02A8}"
EndProject
Project("{FAE04EC0-301F-11D3-BF4B-00C04F79EFBC}") = "Domain.Shared", "src\Shared\Domain.Shared\Domain.Shared.csproj", "{D1746A35-1E37-45FF-897E-B79986F7AFA3}"
EndProject
Project("{FAE04EC0-301F-11D3-BF4B-00C04F79EFBC}") = "Application.Shared", "src\Shared\Application.Shared\Application.Shared.csproj", "{A9780615-EA9A-4917-A9D4-901A90DC02F8}"
EndProject
Project("{FAE04EC0-301F-11D3-BF4B-00C04F79EFBC}") = "Infrastructure.Shared", "src\Shared\Infrastructure.Shared\Infrastructure.Shared.csproj", "{0BDB4324-CE56-4CFC-B9BC-89572E652A4F}"
EndProject
Project("{FAE04EC0-301F-11D3-BF4B-00C04F79EFBC}") = "Utilities.Shared", "src\Shared\Utilities.Shared\Utilities.Shared.csproj", "{E4A4D5A4-3874-45E5-A793-18DDECD2F311}"
EndProject
Global
	GlobalSection(SolutionConfigurationPlatforms) = preSolution
		Debug|Any CPU = Debug|Any CPU
		Release|Any CPU = Release|Any CPU
	EndGlobalSection
	GlobalSection(NestedProjects) = preSolution
		{09568AE3-20AB-4D6E-AB39-8C797FFC0FD8} = {19BA7916-6C3A-4B3C-AC9E-D6C6C485F991}
		{4DAFE9CA-046A-4BDC-8414-0BC48A926BAA} = {C40C8736-0536-461C-AB32-72F9877473DA}
		{57E1BF59-4107-44F8-8351-D166CD183551} = {19BA7916-6C3A-4B3C-AC9E-D6C6C485F991}
		{7A14BAD8-2021-4939-85D9-D24435AA02A8} = {C40C8736-0536-461C-AB32-72F9877473DA}
		{D1746A35-1E37-45FF-897E-B79986F7AFA3} = {57E1BF59-4107-44F8-8351-D166CD183551}
		{A9780615-EA9A-4917-A9D4-901A90DC02F8} = {57E1BF59-4107-44F8-8351-D166CD183551}
		{0BDB4324-CE56-4CFC-B9BC-89572E652A4F} = {57E1BF59-4107-44F8-8351-D166CD183551}
		{E4A4D5A4-3874-45E5-A793-18DDECD2F311} = {57E1BF59-4107-44F8-8351-D166CD183551}
	EndGlobalSection
	GlobalSection(ProjectConfigurationPlatforms) = postSolution
		{D1746A35-1E37-45FF-897E-B79986F7AFA3}.Debug|Any CPU.ActiveCfg = Debug|Any CPU
		{D1746A35-1E37-45FF-897E-B79986F7AFA3}.Debug|Any CPU.Build.0 = Debug|Any CPU
		{D1746A35-1E37-45FF-897E-B79986F7AFA3}.Release|Any CPU.ActiveCfg = Release|Any CPU
		{D1746A35-1E37-45FF-897E-B79986F7AFA3}.Release|Any CPU.Build.0 = Release|Any CPU
		{A9780615-EA9A-4917-A9D4-901A90DC02F8}.Debug|Any CPU.ActiveCfg = Debug|Any CPU
		{A9780615-EA9A-4917-A9D4-901A90DC02F8}.Debug|Any CPU.Build.0 = Debug|Any CPU
		{A9780615-EA9A-4917-A9D4-901A90DC02F8}.Release|Any CPU.ActiveCfg = Release|Any CPU
		{A9780615-EA9A-4917-A9D4-901A90DC02F8}.Release|Any CPU.Build.0 = Release|Any CPU
		{0BDB4324-CE56-4CFC-B9BC-89572E652A4F}.Debug|Any CPU.ActiveCfg = Debug|Any CPU
		{0BDB4324-CE56-4CFC-B9BC-89572E652A4F}.Debug|Any CPU.Build.0 = Debug|Any CPU
		{0BDB4324-CE56-4CFC-B9BC-89572E652A4F}.Release|Any CPU.ActiveCfg = Release|Any CPU
		{0BDB4324-CE56-4CFC-B9BC-89572E652A4F}.Release|Any CPU.Build.0 = Release|Any CPU
		{E4A4D5A4-3874-45E5-A793-18DDECD2F311}.Debug|Any CPU.ActiveCfg = Debug|Any CPU
		{E4A4D5A4-3874-45E5-A793-18DDECD2F311}.Debug|Any CPU.Build.0 = Debug|Any CPU
		{E4A4D5A4-3874-45E5-A793-18DDECD2F311}.Release|Any CPU.ActiveCfg = Release|Any CPU
		{E4A4D5A4-3874-45E5-A793-18DDECD2F311}.Release|Any CPU.Build.0 = Release|Any CPU
	EndGlobalSection
EndGlobal
