
Microsoft Visual Studio Solution File, Format Version 12.00
Project("{2150E333-8FDC-42A3-9474-1A3956D46DE8}") = "src", "src", "{19BA7916-6C3A-4B3C-AC9E-D6C6C485F991}"
EndProject
Project("{2150E333-8FDC-42A3-9474-1A3956D46DE8}") = "tests", "tests", "{C40C8736-0536-461C-AB32-72F9877473DA}"
EndProject
Project("{2150E333-8FDC-42A3-9474-1A3956D46DE8}") = "BankingCrm.Customers", "BankingCrm.Customers", "{09568AE3-20AB-4D6E-AB39-8C797FFC0FD8}"
EndProject
Project("{2150E333-8FDC-42A3-9474-1A3956D46DE8}") = "BankingCrm.Customers", "BankingCrm.Customers", "{4DAFE9CA-046A-4BDC-8414-0BC48A926BAA}"
EndProject
Global
	GlobalSection(SolutionConfigurationPlatforms) = preSolution
		Debug|Any CPU = Debug|Any CPU
		Release|Any CPU = Release|Any CPU
	EndGlobalSection
	GlobalSection(NestedProjects) = preSolution
		{09568AE3-20AB-4D6E-AB39-8C797FFC0FD8} = {19BA7916-6C3A-4B3C-AC9E-D6C6C485F991}
		{4DAFE9CA-046A-4BDC-8414-0BC48A926BAA} = {C40C8736-0536-461C-AB32-72F9877473DA}
	EndGlobalSection
EndGlobal
